
Microsoft Visual Studio Solution File, Format Version 12.00
# Visual Studio Version 17
VisualStudioVersion = 17.6.33815.320
MinimumVisualStudioVersion = 10.0.40219.1
Project("{9A19103F-16F7-4668-BE54-9A1E7A4F7556}") = "CmlLib.Core.Auth.Microsoft.Uno", "CmlLib.Core.Auth.Microsoft.Uno\CmlLib.Core.Auth.Microsoft.Uno.csproj", "{DA845A0A-9D40-43A7-B1ED-EE2DB3D97E50}"
EndProject
Project("{2150E333-8FDC-42A3-9474-1A3956D46DE8}") = "src", "src", "{AEB4939D-7176-477C-99A1-B51FEEAAF15C}"
EndProject
Project("{2150E333-8FDC-42A3-9474-1A3956D46DE8}") = "tests", "tests", "{70B1E5F0-4783-4E15-9D8C-5BBF09461A05}"
EndProject
Project("{9A19103F-16F7-4668-BE54-9A1E7A4F7556}") = "XboxAuthNet.Uno.Tests", "XboxAuthNet.Uno.Tests\XboxAuthNet.Uno.Tests.csproj", "{B33F5A4D-898C-4CAC-ABA6-D9A7F0DC9CBD}"
EndProject
Project("{9A19103F-16F7-4668-BE54-9A1E7A4F7556}") = "XboxAuthNet.Uno.UITests", "XboxAuthNet.Uno.UITests\XboxAuthNet.Uno.UITests.csproj", "{20A804DD-D062-4B4D-886B-2785E9270199}"
EndProject
Project("{9A19103F-16F7-4668-BE54-9A1E7A4F7556}") = "XboxAuthNet.Uno", "XboxAuthNet.Uno\XboxAuthNet.Uno.csproj", "{AD76C552-F76D-4C6E-9047-D0D0D3673396}"
EndProject
Project("{2150E333-8FDC-42A3-9474-1A3956D46DE8}") = "TestApp", "TestApp", "{EFC69B7D-E649-4D2C-AB5B-803F72E4CB47}"
EndProject
Project("{9A19103F-16F7-4668-BE54-9A1E7A4F7556}") = "TestUnoApp", "TestUnoApp\TestUnoApp\TestUnoApp.csproj", "{A6E7AD94-F1EB-4BA2-80B0-2F6961955A1D}"
EndProject
Project("{9A19103F-16F7-4668-BE54-9A1E7A4F7556}") = "TestUnoApp.Mobile", "TestUnoApp\TestUnoApp.Mobile\TestUnoApp.Mobile.csproj", "{A18C03CA-6715-49F5-A27D-3CDE9A01FD32}"
EndProject
Project("{9A19103F-16F7-4668-BE54-9A1E7A4F7556}") = "TestUnoApp.Windows", "TestUnoApp\TestUnoApp.Windows\TestUnoApp.Windows.csproj", "{CAAFBE6A-FE03-4C07-8EC4-9CFBFF7D1E3F}"
EndProject
Project("{9A19103F-16F7-4668-BE54-9A1E7A4F7556}") = "TestUnoApp.Wasm", "TestUnoApp\TestUnoApp.Wasm\TestUnoApp.Wasm.csproj", "{43B32297-55F4-4D48-8624-35899F5C8A16}"
EndProject
Project("{9A19103F-16F7-4668-BE54-9A1E7A4F7556}") = "TestUnoApp.Skia.Gtk", "TestUnoApp\TestUnoApp.Skia.Gtk\TestUnoApp.Skia.Gtk.csproj", "{DDCE9FBB-D65D-44C7-B69D-16DE0BAE382C}"
EndProject
Project("{9A19103F-16F7-4668-BE54-9A1E7A4F7556}") = "TestUnoApp.Skia.Wpf", "TestUnoApp\TestUnoApp.Skia.WPF\TestUnoApp.Skia.Wpf.csproj", "{19DB898F-0DA9-4DFD-A129-9FAF6042CA67}"
EndProject
Project("{9A19103F-16F7-4668-BE54-9A1E7A4F7556}") = "TestUnoApp.Skia.Linux.FrameBuffer", "TestUnoApp\TestUnoApp.Skia.Linux.FrameBuffer\TestUnoApp.Skia.Linux.FrameBuffer.csproj", "{DFBA90CB-D6D7-4B26-A6F4-B9DDD16A7D7B}"
EndProject
Project("{2150E333-8FDC-42A3-9474-1A3956D46DE8}") = "CmlLib", "CmlLib", "{9608481B-F723-462E-94FB-4EB434AE09FA}"
EndProject
Project("{9A19103F-16F7-4668-BE54-9A1E7A4F7556}") = "XboxAuthNet.Game.Uno", "XboxAuthNet.Game.Uno\XboxAuthNet.Game.Uno.csproj", "{F292518D-7109-4AE2-BE92-F6FEC6E4F23A}"
EndProject
Project("{2150E333-8FDC-42A3-9474-1A3956D46DE8}") = "Solution Items", "Solution Items", "{699B4941-B7CF-4F22-BBDA-07E0CB1E684F}"
	ProjectSection(SolutionItems) = preProject
		README.md = README.md
	EndProjectSection
EndProject
Global
	GlobalSection(SolutionConfigurationPlatforms) = preSolution
		Debug|Any CPU = Debug|Any CPU
		Debug|arm64 = Debug|arm64
		Debug|x64 = Debug|x64
		Debug|x86 = Debug|x86
		Release|Any CPU = Release|Any CPU
		Release|arm64 = Release|arm64
		Release|x64 = Release|x64
		Release|x86 = Release|x86
	EndGlobalSection
	GlobalSection(ProjectConfigurationPlatforms) = postSolution
		{DA845A0A-9D40-43A7-B1ED-EE2DB3D97E50}.Debug|Any CPU.ActiveCfg = Debug|Any CPU
		{DA845A0A-9D40-43A7-B1ED-EE2DB3D97E50}.Debug|Any CPU.Build.0 = Debug|Any CPU
		{DA845A0A-9D40-43A7-B1ED-EE2DB3D97E50}.Debug|arm64.ActiveCfg = Debug|Any CPU
		{DA845A0A-9D40-43A7-B1ED-EE2DB3D97E50}.Debug|arm64.Build.0 = Debug|Any CPU
		{DA845A0A-9D40-43A7-B1ED-EE2DB3D97E50}.Debug|x64.ActiveCfg = Debug|Any CPU
		{DA845A0A-9D40-43A7-B1ED-EE2DB3D97E50}.Debug|x64.Build.0 = Debug|Any CPU
		{DA845A0A-9D40-43A7-B1ED-EE2DB3D97E50}.Debug|x86.ActiveCfg = Debug|Any CPU
		{DA845A0A-9D40-43A7-B1ED-EE2DB3D97E50}.Debug|x86.Build.0 = Debug|Any CPU
		{DA845A0A-9D40-43A7-B1ED-EE2DB3D97E50}.Release|Any CPU.ActiveCfg = Release|Any CPU
		{DA845A0A-9D40-43A7-B1ED-EE2DB3D97E50}.Release|Any CPU.Build.0 = Release|Any CPU
		{DA845A0A-9D40-43A7-B1ED-EE2DB3D97E50}.Release|arm64.ActiveCfg = Release|Any CPU
		{DA845A0A-9D40-43A7-B1ED-EE2DB3D97E50}.Release|arm64.Build.0 = Release|Any CPU
		{DA845A0A-9D40-43A7-B1ED-EE2DB3D97E50}.Release|x64.ActiveCfg = Release|Any CPU
		{DA845A0A-9D40-43A7-B1ED-EE2DB3D97E50}.Release|x64.Build.0 = Release|Any CPU
		{DA845A0A-9D40-43A7-B1ED-EE2DB3D97E50}.Release|x86.ActiveCfg = Release|Any CPU
		{DA845A0A-9D40-43A7-B1ED-EE2DB3D97E50}.Release|x86.Build.0 = Release|Any CPU
		{B33F5A4D-898C-4CAC-ABA6-D9A7F0DC9CBD}.Debug|Any CPU.ActiveCfg = Debug|Any CPU
		{B33F5A4D-898C-4CAC-ABA6-D9A7F0DC9CBD}.Debug|Any CPU.Build.0 = Debug|Any CPU
		{B33F5A4D-898C-4CAC-ABA6-D9A7F0DC9CBD}.Debug|arm64.ActiveCfg = Debug|Any CPU
		{B33F5A4D-898C-4CAC-ABA6-D9A7F0DC9CBD}.Debug|arm64.Build.0 = Debug|Any CPU
		{B33F5A4D-898C-4CAC-ABA6-D9A7F0DC9CBD}.Debug|x64.ActiveCfg = Debug|Any CPU
		{B33F5A4D-898C-4CAC-ABA6-D9A7F0DC9CBD}.Debug|x64.Build.0 = Debug|Any CPU
		{B33F5A4D-898C-4CAC-ABA6-D9A7F0DC9CBD}.Debug|x86.ActiveCfg = Debug|Any CPU
		{B33F5A4D-898C-4CAC-ABA6-D9A7F0DC9CBD}.Debug|x86.Build.0 = Debug|Any CPU
		{B33F5A4D-898C-4CAC-ABA6-D9A7F0DC9CBD}.Release|Any CPU.ActiveCfg = Release|Any CPU
		{B33F5A4D-898C-4CAC-ABA6-D9A7F0DC9CBD}.Release|Any CPU.Build.0 = Release|Any CPU
		{B33F5A4D-898C-4CAC-ABA6-D9A7F0DC9CBD}.Release|arm64.ActiveCfg = Release|Any CPU
		{B33F5A4D-898C-4CAC-ABA6-D9A7F0DC9CBD}.Release|arm64.Build.0 = Release|Any CPU
		{B33F5A4D-898C-4CAC-ABA6-D9A7F0DC9CBD}.Release|x64.ActiveCfg = Release|Any CPU
		{B33F5A4D-898C-4CAC-ABA6-D9A7F0DC9CBD}.Release|x64.Build.0 = Release|Any CPU
		{B33F5A4D-898C-4CAC-ABA6-D9A7F0DC9CBD}.Release|x86.ActiveCfg = Release|Any CPU
		{B33F5A4D-898C-4CAC-ABA6-D9A7F0DC9CBD}.Release|x86.Build.0 = Release|Any CPU
		{20A804DD-D062-4B4D-886B-2785E9270199}.Debug|Any CPU.ActiveCfg = Debug|Any CPU
		{20A804DD-D062-4B4D-886B-2785E9270199}.Debug|Any CPU.Build.0 = Debug|Any CPU
		{20A804DD-D062-4B4D-886B-2785E9270199}.Debug|arm64.ActiveCfg = Debug|Any CPU
		{20A804DD-D062-4B4D-886B-2785E9270199}.Debug|arm64.Build.0 = Debug|Any CPU
		{20A804DD-D062-4B4D-886B-2785E9270199}.Debug|x64.ActiveCfg = Debug|Any CPU
		{20A804DD-D062-4B4D-886B-2785E9270199}.Debug|x64.Build.0 = Debug|Any CPU
		{20A804DD-D062-4B4D-886B-2785E9270199}.Debug|x86.ActiveCfg = Debug|Any CPU
		{20A804DD-D062-4B4D-886B-2785E9270199}.Debug|x86.Build.0 = Debug|Any CPU
		{20A804DD-D062-4B4D-886B-2785E9270199}.Release|Any CPU.ActiveCfg = Release|Any CPU
		{20A804DD-D062-4B4D-886B-2785E9270199}.Release|Any CPU.Build.0 = Release|Any CPU
		{20A804DD-D062-4B4D-886B-2785E9270199}.Release|arm64.ActiveCfg = Release|Any CPU
		{20A804DD-D062-4B4D-886B-2785E9270199}.Release|arm64.Build.0 = Release|Any CPU
		{20A804DD-D062-4B4D-886B-2785E9270199}.Release|x64.ActiveCfg = Release|Any CPU
		{20A804DD-D062-4B4D-886B-2785E9270199}.Release|x64.Build.0 = Release|Any CPU
		{20A804DD-D062-4B4D-886B-2785E9270199}.Release|x86.ActiveCfg = Release|Any CPU
		{20A804DD-D062-4B4D-886B-2785E9270199}.Release|x86.Build.0 = Release|Any CPU
		{AD76C552-F76D-4C6E-9047-D0D0D3673396}.Debug|Any CPU.ActiveCfg = Debug|Any CPU
		{AD76C552-F76D-4C6E-9047-D0D0D3673396}.Debug|Any CPU.Build.0 = Debug|Any CPU
		{AD76C552-F76D-4C6E-9047-D0D0D3673396}.Debug|arm64.ActiveCfg = Debug|Any CPU
		{AD76C552-F76D-4C6E-9047-D0D0D3673396}.Debug|arm64.Build.0 = Debug|Any CPU
		{AD76C552-F76D-4C6E-9047-D0D0D3673396}.Debug|x64.ActiveCfg = Debug|Any CPU
		{AD76C552-F76D-4C6E-9047-D0D0D3673396}.Debug|x64.Build.0 = Debug|Any CPU
		{AD76C552-F76D-4C6E-9047-D0D0D3673396}.Debug|x86.ActiveCfg = Debug|Any CPU
		{AD76C552-F76D-4C6E-9047-D0D0D3673396}.Debug|x86.Build.0 = Debug|Any CPU
		{AD76C552-F76D-4C6E-9047-D0D0D3673396}.Release|Any CPU.ActiveCfg = Release|Any CPU
		{AD76C552-F76D-4C6E-9047-D0D0D3673396}.Release|Any CPU.Build.0 = Release|Any CPU
		{AD76C552-F76D-4C6E-9047-D0D0D3673396}.Release|arm64.ActiveCfg = Release|Any CPU
		{AD76C552-F76D-4C6E-9047-D0D0D3673396}.Release|arm64.Build.0 = Release|Any CPU
		{AD76C552-F76D-4C6E-9047-D0D0D3673396}.Release|x64.ActiveCfg = Release|Any CPU
		{AD76C552-F76D-4C6E-9047-D0D0D3673396}.Release|x64.Build.0 = Release|Any CPU
		{AD76C552-F76D-4C6E-9047-D0D0D3673396}.Release|x86.ActiveCfg = Release|Any CPU
		{AD76C552-F76D-4C6E-9047-D0D0D3673396}.Release|x86.Build.0 = Release|Any CPU
		{A6E7AD94-F1EB-4BA2-80B0-2F6961955A1D}.Debug|Any CPU.ActiveCfg = Debug|Any CPU
		{A6E7AD94-F1EB-4BA2-80B0-2F6961955A1D}.Debug|Any CPU.Build.0 = Debug|Any CPU
		{A6E7AD94-F1EB-4BA2-80B0-2F6961955A1D}.Debug|arm64.ActiveCfg = Debug|Any CPU
		{A6E7AD94-F1EB-4BA2-80B0-2F6961955A1D}.Debug|arm64.Build.0 = Debug|Any CPU
		{A6E7AD94-F1EB-4BA2-80B0-2F6961955A1D}.Debug|x64.ActiveCfg = Debug|Any CPU
		{A6E7AD94-F1EB-4BA2-80B0-2F6961955A1D}.Debug|x64.Build.0 = Debug|Any CPU
		{A6E7AD94-F1EB-4BA2-80B0-2F6961955A1D}.Debug|x86.ActiveCfg = Debug|Any CPU
		{A6E7AD94-F1EB-4BA2-80B0-2F6961955A1D}.Debug|x86.Build.0 = Debug|Any CPU
		{A6E7AD94-F1EB-4BA2-80B0-2F6961955A1D}.Release|Any CPU.ActiveCfg = Release|Any CPU
		{A6E7AD94-F1EB-4BA2-80B0-2F6961955A1D}.Release|Any CPU.Build.0 = Release|Any CPU
		{A6E7AD94-F1EB-4BA2-80B0-2F6961955A1D}.Release|arm64.ActiveCfg = Release|Any CPU
		{A6E7AD94-F1EB-4BA2-80B0-2F6961955A1D}.Release|arm64.Build.0 = Release|Any CPU
		{A6E7AD94-F1EB-4BA2-80B0-2F6961955A1D}.Release|x64.ActiveCfg = Release|Any CPU
		{A6E7AD94-F1EB-4BA2-80B0-2F6961955A1D}.Release|x64.Build.0 = Release|Any CPU
		{A6E7AD94-F1EB-4BA2-80B0-2F6961955A1D}.Release|x86.ActiveCfg = Release|Any CPU
		{A6E7AD94-F1EB-4BA2-80B0-2F6961955A1D}.Release|x86.Build.0 = Release|Any CPU
		{A18C03CA-6715-49F5-A27D-3CDE9A01FD32}.Debug|Any CPU.ActiveCfg = Debug|Any CPU
		{A18C03CA-6715-49F5-A27D-3CDE9A01FD32}.Debug|Any CPU.Build.0 = Debug|Any CPU
		{A18C03CA-6715-49F5-A27D-3CDE9A01FD32}.Debug|Any CPU.Deploy.0 = Debug|Any CPU
		{A18C03CA-6715-49F5-A27D-3CDE9A01FD32}.Debug|arm64.ActiveCfg = Debug|Any CPU
		{A18C03CA-6715-49F5-A27D-3CDE9A01FD32}.Debug|arm64.Build.0 = Debug|Any CPU
		{A18C03CA-6715-49F5-A27D-3CDE9A01FD32}.Debug|arm64.Deploy.0 = Debug|Any CPU
		{A18C03CA-6715-49F5-A27D-3CDE9A01FD32}.Debug|x64.ActiveCfg = Debug|Any CPU
		{A18C03CA-6715-49F5-A27D-3CDE9A01FD32}.Debug|x64.Build.0 = Debug|Any CPU
		{A18C03CA-6715-49F5-A27D-3CDE9A01FD32}.Debug|x64.Deploy.0 = Debug|Any CPU
		{A18C03CA-6715-49F5-A27D-3CDE9A01FD32}.Debug|x86.ActiveCfg = Debug|Any CPU
		{A18C03CA-6715-49F5-A27D-3CDE9A01FD32}.Debug|x86.Build.0 = Debug|Any CPU
		{A18C03CA-6715-49F5-A27D-3CDE9A01FD32}.Debug|x86.Deploy.0 = Debug|Any CPU
		{A18C03CA-6715-49F5-A27D-3CDE9A01FD32}.Release|Any CPU.ActiveCfg = Release|Any CPU
		{A18C03CA-6715-49F5-A27D-3CDE9A01FD32}.Release|Any CPU.Build.0 = Release|Any CPU
		{A18C03CA-6715-49F5-A27D-3CDE9A01FD32}.Release|Any CPU.Deploy.0 = Release|Any CPU
		{A18C03CA-6715-49F5-A27D-3CDE9A01FD32}.Release|arm64.ActiveCfg = Release|Any CPU
		{A18C03CA-6715-49F5-A27D-3CDE9A01FD32}.Release|arm64.Build.0 = Release|Any CPU
		{A18C03CA-6715-49F5-A27D-3CDE9A01FD32}.Release|arm64.Deploy.0 = Release|Any CPU
		{A18C03CA-6715-49F5-A27D-3CDE9A01FD32}.Release|x64.ActiveCfg = Release|Any CPU
		{A18C03CA-6715-49F5-A27D-3CDE9A01FD32}.Release|x64.Build.0 = Release|Any CPU
		{A18C03CA-6715-49F5-A27D-3CDE9A01FD32}.Release|x64.Deploy.0 = Release|Any CPU
		{A18C03CA-6715-49F5-A27D-3CDE9A01FD32}.Release|x86.ActiveCfg = Release|Any CPU
		{A18C03CA-6715-49F5-A27D-3CDE9A01FD32}.Release|x86.Build.0 = Release|Any CPU
		{A18C03CA-6715-49F5-A27D-3CDE9A01FD32}.Release|x86.Deploy.0 = Release|Any CPU
		{CAAFBE6A-FE03-4C07-8EC4-9CFBFF7D1E3F}.Debug|Any CPU.ActiveCfg = Debug|x64
		{CAAFBE6A-FE03-4C07-8EC4-9CFBFF7D1E3F}.Debug|Any CPU.Build.0 = Debug|x64
		{CAAFBE6A-FE03-4C07-8EC4-9CFBFF7D1E3F}.Debug|Any CPU.Deploy.0 = Debug|x64
		{CAAFBE6A-FE03-4C07-8EC4-9CFBFF7D1E3F}.Debug|arm64.ActiveCfg = Debug|arm64
		{CAAFBE6A-FE03-4C07-8EC4-9CFBFF7D1E3F}.Debug|arm64.Build.0 = Debug|arm64
		{CAAFBE6A-FE03-4C07-8EC4-9CFBFF7D1E3F}.Debug|arm64.Deploy.0 = Debug|arm64
		{CAAFBE6A-FE03-4C07-8EC4-9CFBFF7D1E3F}.Debug|x64.ActiveCfg = Debug|x64
		{CAAFBE6A-FE03-4C07-8EC4-9CFBFF7D1E3F}.Debug|x64.Build.0 = Debug|x64
		{CAAFBE6A-FE03-4C07-8EC4-9CFBFF7D1E3F}.Debug|x64.Deploy.0 = Debug|x64
		{CAAFBE6A-FE03-4C07-8EC4-9CFBFF7D1E3F}.Debug|x86.ActiveCfg = Debug|x86
		{CAAFBE6A-FE03-4C07-8EC4-9CFBFF7D1E3F}.Debug|x86.Build.0 = Debug|x86
		{CAAFBE6A-FE03-4C07-8EC4-9CFBFF7D1E3F}.Debug|x86.Deploy.0 = Debug|x86
		{CAAFBE6A-FE03-4C07-8EC4-9CFBFF7D1E3F}.Release|Any CPU.ActiveCfg = Release|x64
		{CAAFBE6A-FE03-4C07-8EC4-9CFBFF7D1E3F}.Release|Any CPU.Build.0 = Release|x64
		{CAAFBE6A-FE03-4C07-8EC4-9CFBFF7D1E3F}.Release|Any CPU.Deploy.0 = Release|x64
		{CAAFBE6A-FE03-4C07-8EC4-9CFBFF7D1E3F}.Release|arm64.ActiveCfg = Release|arm64
		{CAAFBE6A-FE03-4C07-8EC4-9CFBFF7D1E3F}.Release|arm64.Build.0 = Release|arm64
		{CAAFBE6A-FE03-4C07-8EC4-9CFBFF7D1E3F}.Release|arm64.Deploy.0 = Release|arm64
		{CAAFBE6A-FE03-4C07-8EC4-9CFBFF7D1E3F}.Release|x64.ActiveCfg = Release|x64
		{CAAFBE6A-FE03-4C07-8EC4-9CFBFF7D1E3F}.Release|x64.Build.0 = Release|x64
		{CAAFBE6A-FE03-4C07-8EC4-9CFBFF7D1E3F}.Release|x64.Deploy.0 = Release|x64
		{CAAFBE6A-FE03-4C07-8EC4-9CFBFF7D1E3F}.Release|x86.ActiveCfg = Release|x86
		{CAAFBE6A-FE03-4C07-8EC4-9CFBFF7D1E3F}.Release|x86.Build.0 = Release|x86
		{CAAFBE6A-FE03-4C07-8EC4-9CFBFF7D1E3F}.Release|x86.Deploy.0 = Release|x86
		{43B32297-55F4-4D48-8624-35899F5C8A16}.Debug|Any CPU.ActiveCfg = Debug|Any CPU
		{43B32297-55F4-4D48-8624-35899F5C8A16}.Debug|Any CPU.Build.0 = Debug|Any CPU
		{43B32297-55F4-4D48-8624-35899F5C8A16}.Debug|arm64.ActiveCfg = Debug|Any CPU
		{43B32297-55F4-4D48-8624-35899F5C8A16}.Debug|arm64.Build.0 = Debug|Any CPU
		{43B32297-55F4-4D48-8624-35899F5C8A16}.Debug|x64.ActiveCfg = Debug|Any CPU
		{43B32297-55F4-4D48-8624-35899F5C8A16}.Debug|x64.Build.0 = Debug|Any CPU
		{43B32297-55F4-4D48-8624-35899F5C8A16}.Debug|x86.ActiveCfg = Debug|Any CPU
		{43B32297-55F4-4D48-8624-35899F5C8A16}.Debug|x86.Build.0 = Debug|Any CPU
		{43B32297-55F4-4D48-8624-35899F5C8A16}.Release|Any CPU.ActiveCfg = Release|Any CPU
		{43B32297-55F4-4D48-8624-35899F5C8A16}.Release|Any CPU.Build.0 = Release|Any CPU
		{43B32297-55F4-4D48-8624-35899F5C8A16}.Release|arm64.ActiveCfg = Release|Any CPU
		{43B32297-55F4-4D48-8624-35899F5C8A16}.Release|arm64.Build.0 = Release|Any CPU
		{43B32297-55F4-4D48-8624-35899F5C8A16}.Release|x64.ActiveCfg = Release|Any CPU
		{43B32297-55F4-4D48-8624-35899F5C8A16}.Release|x64.Build.0 = Release|Any CPU
		{43B32297-55F4-4D48-8624-35899F5C8A16}.Release|x86.ActiveCfg = Release|Any CPU
		{43B32297-55F4-4D48-8624-35899F5C8A16}.Release|x86.Build.0 = Release|Any CPU
		{DDCE9FBB-D65D-44C7-B69D-16DE0BAE382C}.Debug|Any CPU.ActiveCfg = Debug|Any CPU
		{DDCE9FBB-D65D-44C7-B69D-16DE0BAE382C}.Debug|Any CPU.Build.0 = Debug|Any CPU
		{DDCE9FBB-D65D-44C7-B69D-16DE0BAE382C}.Debug|arm64.ActiveCfg = Debug|Any CPU
		{DDCE9FBB-D65D-44C7-B69D-16DE0BAE382C}.Debug|arm64.Build.0 = Debug|Any CPU
		{DDCE9FBB-D65D-44C7-B69D-16DE0BAE382C}.Debug|x64.ActiveCfg = Debug|Any CPU
		{DDCE9FBB-D65D-44C7-B69D-16DE0BAE382C}.Debug|x64.Build.0 = Debug|Any CPU
		{DDCE9FBB-D65D-44C7-B69D-16DE0BAE382C}.Debug|x86.ActiveCfg = Debug|Any CPU
		{DDCE9FBB-D65D-44C7-B69D-16DE0BAE382C}.Debug|x86.Build.0 = Debug|Any CPU
		{DDCE9FBB-D65D-44C7-B69D-16DE0BAE382C}.Release|Any CPU.ActiveCfg = Release|Any CPU
		{DDCE9FBB-D65D-44C7-B69D-16DE0BAE382C}.Release|Any CPU.Build.0 = Release|Any CPU
		{DDCE9FBB-D65D-44C7-B69D-16DE0BAE382C}.Release|arm64.ActiveCfg = Release|Any CPU
		{DDCE9FBB-D65D-44C7-B69D-16DE0BAE382C}.Release|arm64.Build.0 = Release|Any CPU
		{DDCE9FBB-D65D-44C7-B69D-16DE0BAE382C}.Release|x64.ActiveCfg = Release|Any CPU
		{DDCE9FBB-D65D-44C7-B69D-16DE0BAE382C}.Release|x64.Build.0 = Release|Any CPU
		{DDCE9FBB-D65D-44C7-B69D-16DE0BAE382C}.Release|x86.ActiveCfg = Release|Any CPU
		{DDCE9FBB-D65D-44C7-B69D-16DE0BAE382C}.Release|x86.Build.0 = Release|Any CPU
		{19DB898F-0DA9-4DFD-A129-9FAF6042CA67}.Debug|Any CPU.ActiveCfg = Debug|Any CPU
		{19DB898F-0DA9-4DFD-A129-9FAF6042CA67}.Debug|Any CPU.Build.0 = Debug|Any CPU
		{19DB898F-0DA9-4DFD-A129-9FAF6042CA67}.Debug|arm64.ActiveCfg = Debug|Any CPU
		{19DB898F-0DA9-4DFD-A129-9FAF6042CA67}.Debug|arm64.Build.0 = Debug|Any CPU
		{19DB898F-0DA9-4DFD-A129-9FAF6042CA67}.Debug|x64.ActiveCfg = Debug|Any CPU
		{19DB898F-0DA9-4DFD-A129-9FAF6042CA67}.Debug|x64.Build.0 = Debug|Any CPU
		{19DB898F-0DA9-4DFD-A129-9FAF6042CA67}.Debug|x86.ActiveCfg = Debug|Any CPU
		{19DB898F-0DA9-4DFD-A129-9FAF6042CA67}.Debug|x86.Build.0 = Debug|Any CPU
		{19DB898F-0DA9-4DFD-A129-9FAF6042CA67}.Release|Any CPU.ActiveCfg = Release|Any CPU
		{19DB898F-0DA9-4DFD-A129-9FAF6042CA67}.Release|Any CPU.Build.0 = Release|Any CPU
		{19DB898F-0DA9-4DFD-A129-9FAF6042CA67}.Release|arm64.ActiveCfg = Release|Any CPU
		{19DB898F-0DA9-4DFD-A129-9FAF6042CA67}.Release|arm64.Build.0 = Release|Any CPU
		{19DB898F-0DA9-4DFD-A129-9FAF6042CA67}.Release|x64.ActiveCfg = Release|Any CPU
		{19DB898F-0DA9-4DFD-A129-9FAF6042CA67}.Release|x64.Build.0 = Release|Any CPU
		{19DB898F-0DA9-4DFD-A129-9FAF6042CA67}.Release|x86.ActiveCfg = Release|Any CPU
		{19DB898F-0DA9-4DFD-A129-9FAF6042CA67}.Release|x86.Build.0 = Release|Any CPU
		{DFBA90CB-D6D7-4B26-A6F4-B9DDD16A7D7B}.Debug|Any CPU.ActiveCfg = Debug|Any CPU
		{DFBA90CB-D6D7-4B26-A6F4-B9DDD16A7D7B}.Debug|Any CPU.Build.0 = Debug|Any CPU
		{DFBA90CB-D6D7-4B26-A6F4-B9DDD16A7D7B}.Debug|arm64.ActiveCfg = Debug|Any CPU
		{DFBA90CB-D6D7-4B26-A6F4-B9DDD16A7D7B}.Debug|arm64.Build.0 = Debug|Any CPU
		{DFBA90CB-D6D7-4B26-A6F4-B9DDD16A7D7B}.Debug|x64.ActiveCfg = Debug|Any CPU
		{DFBA90CB-D6D7-4B26-A6F4-B9DDD16A7D7B}.Debug|x64.Build.0 = Debug|Any CPU
		{DFBA90CB-D6D7-4B26-A6F4-B9DDD16A7D7B}.Debug|x86.ActiveCfg = Debug|Any CPU
		{DFBA90CB-D6D7-4B26-A6F4-B9DDD16A7D7B}.Debug|x86.Build.0 = Debug|Any CPU
		{DFBA90CB-D6D7-4B26-A6F4-B9DDD16A7D7B}.Release|Any CPU.ActiveCfg = Release|Any CPU
		{DFBA90CB-D6D7-4B26-A6F4-B9DDD16A7D7B}.Release|Any CPU.Build.0 = Release|Any CPU
		{DFBA90CB-D6D7-4B26-A6F4-B9DDD16A7D7B}.Release|arm64.ActiveCfg = Release|Any CPU
		{DFBA90CB-D6D7-4B26-A6F4-B9DDD16A7D7B}.Release|arm64.Build.0 = Release|Any CPU
		{DFBA90CB-D6D7-4B26-A6F4-B9DDD16A7D7B}.Release|x64.ActiveCfg = Release|Any CPU
		{DFBA90CB-D6D7-4B26-A6F4-B9DDD16A7D7B}.Release|x64.Build.0 = Release|Any CPU
		{DFBA90CB-D6D7-4B26-A6F4-B9DDD16A7D7B}.Release|x86.ActiveCfg = Release|Any CPU
		{DFBA90CB-D6D7-4B26-A6F4-B9DDD16A7D7B}.Release|x86.Build.0 = Release|Any CPU
		{F292518D-7109-4AE2-BE92-F6FEC6E4F23A}.Debug|Any CPU.ActiveCfg = Debug|Any CPU
		{F292518D-7109-4AE2-BE92-F6FEC6E4F23A}.Debug|Any CPU.Build.0 = Debug|Any CPU
		{F292518D-7109-4AE2-BE92-F6FEC6E4F23A}.Debug|arm64.ActiveCfg = Debug|Any CPU
		{F292518D-7109-4AE2-BE92-F6FEC6E4F23A}.Debug|arm64.Build.0 = Debug|Any CPU
		{F292518D-7109-4AE2-BE92-F6FEC6E4F23A}.Debug|x64.ActiveCfg = Debug|Any CPU
		{F292518D-7109-4AE2-BE92-F6FEC6E4F23A}.Debug|x64.Build.0 = Debug|Any CPU
		{F292518D-7109-4AE2-BE92-F6FEC6E4F23A}.Debug|x86.ActiveCfg = Debug|Any CPU
		{F292518D-7109-4AE2-BE92-F6FEC6E4F23A}.Debug|x86.Build.0 = Debug|Any CPU
		{F292518D-7109-4AE2-BE92-F6FEC6E4F23A}.Release|Any CPU.ActiveCfg = Release|Any CPU
		{F292518D-7109-4AE2-BE92-F6FEC6E4F23A}.Release|Any CPU.Build.0 = Release|Any CPU
		{F292518D-7109-4AE2-BE92-F6FEC6E4F23A}.Release|arm64.ActiveCfg = Release|Any CPU
		{F292518D-7109-4AE2-BE92-F6FEC6E4F23A}.Release|arm64.Build.0 = Release|Any CPU
		{F292518D-7109-4AE2-BE92-F6FEC6E4F23A}.Release|x64.ActiveCfg = Release|Any CPU
		{F292518D-7109-4AE2-BE92-F6FEC6E4F23A}.Release|x64.Build.0 = Release|Any CPU
		{F292518D-7109-4AE2-BE92-F6FEC6E4F23A}.Release|x86.ActiveCfg = Release|Any CPU
		{F292518D-7109-4AE2-BE92-F6FEC6E4F23A}.Release|x86.Build.0 = Release|Any CPU
	EndGlobalSection
	GlobalSection(SolutionProperties) = preSolution
		HideSolutionNode = FALSE
	EndGlobalSection
	GlobalSection(NestedProjects) = preSolution
		{DA845A0A-9D40-43A7-B1ED-EE2DB3D97E50} = {9608481B-F723-462E-94FB-4EB434AE09FA}
		{B33F5A4D-898C-4CAC-ABA6-D9A7F0DC9CBD} = {70B1E5F0-4783-4E15-9D8C-5BBF09461A05}
		{20A804DD-D062-4B4D-886B-2785E9270199} = {70B1E5F0-4783-4E15-9D8C-5BBF09461A05}
		{AD76C552-F76D-4C6E-9047-D0D0D3673396} = {AEB4939D-7176-477C-99A1-B51FEEAAF15C}
		{EFC69B7D-E649-4D2C-AB5B-803F72E4CB47} = {70B1E5F0-4783-4E15-9D8C-5BBF09461A05}
		{A6E7AD94-F1EB-4BA2-80B0-2F6961955A1D} = {EFC69B7D-E649-4D2C-AB5B-803F72E4CB47}
		{A18C03CA-6715-49F5-A27D-3CDE9A01FD32} = {EFC69B7D-E649-4D2C-AB5B-803F72E4CB47}
		{CAAFBE6A-FE03-4C07-8EC4-9CFBFF7D1E3F} = {EFC69B7D-E649-4D2C-AB5B-803F72E4CB47}
		{43B32297-55F4-4D48-8624-35899F5C8A16} = {EFC69B7D-E649-4D2C-AB5B-803F72E4CB47}
		{DDCE9FBB-D65D-44C7-B69D-16DE0BAE382C} = {EFC69B7D-E649-4D2C-AB5B-803F72E4CB47}
		{19DB898F-0DA9-4DFD-A129-9FAF6042CA67} = {EFC69B7D-E649-4D2C-AB5B-803F72E4CB47}
		{DFBA90CB-D6D7-4B26-A6F4-B9DDD16A7D7B} = {EFC69B7D-E649-4D2C-AB5B-803F72E4CB47}
		{9608481B-F723-462E-94FB-4EB434AE09FA} = {AEB4939D-7176-477C-99A1-B51FEEAAF15C}
		{F292518D-7109-4AE2-BE92-F6FEC6E4F23A} = {9608481B-F723-462E-94FB-4EB434AE09FA}
	EndGlobalSection
	GlobalSection(ExtensibilityGlobals) = postSolution
		SolutionGuid = {ECA75574-9166-420B-BC3D-580508DB07A1}
	EndGlobalSection
EndGlobal
